
Microsoft Visual Studio Solution File, Format Version 12.00
# Visual Studio Version 16
VisualStudioVersion = 16.0.31729.503
MinimumVisualStudioVersion = 10.0.40219.1
Project("{FAE04EC0-301F-11D3-BF4B-00C04F79EFBC}") = "T3H_Cap04_P2", "T3H_Cap04_P2\T3H_Cap04_P2.csproj", "{319A95F2-B4AA-4859-BD2E-7487C86561DB}"
EndProject
Global
	GlobalSection(SolutionConfigurationPlatforms) = preSolution
		Debug|Any CPU = Debug|Any CPU
		Release|Any CPU = Release|Any CPU
	EndGlobalSection
	GlobalSection(ProjectConfigurationPlatforms) = postSolution
		{319A95F2-B4AA-4859-BD2E-7487C86561DB}.Debug|Any CPU.ActiveCfg = Debug|Any CPU
		{319A95F2-B4AA-4859-BD2E-7487C86561DB}.Debug|Any CPU.Build.0 = Debug|Any CPU
		{319A95F2-B4AA-4859-BD2E-7487C86561DB}.Release|Any CPU.ActiveCfg = Release|Any CPU
		{319A95F2-B4AA-4859-BD2E-7487C86561DB}.Release|Any CPU.Build.0 = Release|Any CPU
	EndGlobalSection
	GlobalSection(SolutionProperties) = preSolution
		HideSolutionNode = FALSE
	EndGlobalSection
	GlobalSection(ExtensibilityGlobals) = postSolution
		SolutionGuid = {50F3CDE4-50B7-4369-AE3F-305E66E8FAD2}
	EndGlobalSection
EndGlobal
